
Microsoft Visual Studio Solution File, Format Version 12.00
# Visual Studio Version 16
Project("{2150E333-8FDC-42A3-9474-1A3956D46DE8}") = "CMakePredefinedTargets", "CMakePredefinedTargets", "{5890BB07-A65A-307C-8E57-F8AAF4040A60}"
EndProject
Project("{8BC9CEB8-8B4A-11D0-8D11-00A0C91BC942}") = "ALL_BUILD", "ALL_BUILD.vcxproj", "{16B7BEC7-19F9-377B-B588-3B2F6A363749}"
	ProjectSection(ProjectDependencies) = postProject
		{377AC454-5054-32DB-8F05-671B0CB2F29D} = {377AC454-5054-32DB-8F05-671B0CB2F29D}
		{2A6D07AD-C7A1-3BAA-ABED-1EAC502CD617} = {2A6D07AD-C7A1-3BAA-ABED-1EAC502CD617}
		{76F529CF-F957-33F1-AA9C-48C2A8053F84} = {76F529CF-F957-33F1-AA9C-48C2A8053F84}
		{21CAE9A7-0389-32EE-806C-CC7C0399A2DF} = {21CAE9A7-0389-32EE-806C-CC7C0399A2DF}
		{38C3C76C-ACB8-3F99-B30F-9B9FF5ABA26F} = {38C3C76C-ACB8-3F99-B30F-9B9FF5ABA26F}
		{946BB761-8367-38B1-9FD6-A0D3CAC24EDE} = {946BB761-8367-38B1-9FD6-A0D3CAC24EDE}
	EndProjectSection
EndProject
Project("{8BC9CEB8-8B4A-11D0-8D11-00A0C91BC942}") = "INSTALL", "INSTALL.vcxproj", "{9A2F9D39-1E77-3B94-B01E-E7AAA5A3F8F9}"
	ProjectSection(ProjectDependencies) = postProject
		{16B7BEC7-19F9-377B-B588-3B2F6A363749} = {16B7BEC7-19F9-377B-B588-3B2F6A363749}
		{2A6D07AD-C7A1-3BAA-ABED-1EAC502CD617} = {2A6D07AD-C7A1-3BAA-ABED-1EAC502CD617}
	EndProjectSection
EndProject
Project("{8BC9CEB8-8B4A-11D0-8D11-00A0C91BC942}") = "IrrXML", "contrib\irrXML\IrrXML.vcxproj", "{377AC454-5054-32DB-8F05-671B0CB2F29D}"
	ProjectSection(ProjectDependencies) = postProject
		{2A6D07AD-C7A1-3BAA-ABED-1EAC502CD617} = {2A6D07AD-C7A1-3BAA-ABED-1EAC502CD617}
	EndProjectSection
EndProject
Project("{8BC9CEB8-8B4A-11D0-8D11-00A0C91BC942}") = "UpdateAssimpLibsDebugSymbolsAndDLLs", "UpdateAssimpLibsDebugSymbolsAndDLLs.vcxproj", "{DAF84A40-C119-3E4B-8ED9-B86979320826}"
	ProjectSection(ProjectDependencies) = postProject
		{2A6D07AD-C7A1-3BAA-ABED-1EAC502CD617} = {2A6D07AD-C7A1-3BAA-ABED-1EAC502CD617}
	EndProjectSection
EndProject
Project("{8BC9CEB8-8B4A-11D0-8D11-00A0C91BC942}") = "ZERO_CHECK", "..\..\\ZERO_CHECK.vcxproj", "{2A6D07AD-C7A1-3BAA-ABED-1EAC502CD617}"
	ProjectSection(ProjectDependencies) = postProject
	EndProjectSection
EndProject
Project("{8BC9CEB8-8B4A-11D0-8D11-00A0C91BC942}") = "assimp", "code\assimp.vcxproj", "{76F529CF-F957-33F1-AA9C-48C2A8053F84}"
	ProjectSection(ProjectDependencies) = postProject
		{377AC454-5054-32DB-8F05-671B0CB2F29D} = {377AC454-5054-32DB-8F05-671B0CB2F29D}
		{2A6D07AD-C7A1-3BAA-ABED-1EAC502CD617} = {2A6D07AD-C7A1-3BAA-ABED-1EAC502CD617}
		{946BB761-8367-38B1-9FD6-A0D3CAC24EDE} = {946BB761-8367-38B1-9FD6-A0D3CAC24EDE}
	EndProjectSection
EndProject
Project("{8BC9CEB8-8B4A-11D0-8D11-00A0C91BC942}") = "assimp_cmd", "tools\assimp_cmd\assimp_cmd.vcxproj", "{21CAE9A7-0389-32EE-806C-CC7C0399A2DF}"
	ProjectSection(ProjectDependencies) = postProject
		{377AC454-5054-32DB-8F05-671B0CB2F29D} = {377AC454-5054-32DB-8F05-671B0CB2F29D}
		{2A6D07AD-C7A1-3BAA-ABED-1EAC502CD617} = {2A6D07AD-C7A1-3BAA-ABED-1EAC502CD617}
		{76F529CF-F957-33F1-AA9C-48C2A8053F84} = {76F529CF-F957-33F1-AA9C-48C2A8053F84}
		{946BB761-8367-38B1-9FD6-A0D3CAC24EDE} = {946BB761-8367-38B1-9FD6-A0D3CAC24EDE}
	EndProjectSection
EndProject
Project("{8BC9CEB8-8B4A-11D0-8D11-00A0C91BC942}") = "uninstall", "uninstall.vcxproj", "{BEACF093-896B-38B2-A426-ADC048F1AF60}"
	ProjectSection(ProjectDependencies) = postProject
		{2A6D07AD-C7A1-3BAA-ABED-1EAC502CD617} = {2A6D07AD-C7A1-3BAA-ABED-1EAC502CD617}
	EndProjectSection
EndProject
Project("{8BC9CEB8-8B4A-11D0-8D11-00A0C91BC942}") = "zlib", "contrib\zlib\zlib.vcxproj", "{38C3C76C-ACB8-3F99-B30F-9B9FF5ABA26F}"
	ProjectSection(ProjectDependencies) = postProject
		{2A6D07AD-C7A1-3BAA-ABED-1EAC502CD617} = {2A6D07AD-C7A1-3BAA-ABED-1EAC502CD617}
	EndProjectSection
EndProject
Project("{8BC9CEB8-8B4A-11D0-8D11-00A0C91BC942}") = "zlibstatic", "contrib\zlib\zlibstatic.vcxproj", "{946BB761-8367-38B1-9FD6-A0D3CAC24EDE}"
	ProjectSection(ProjectDependencies) = postProject
		{2A6D07AD-C7A1-3BAA-ABED-1EAC502CD617} = {2A6D07AD-C7A1-3BAA-ABED-1EAC502CD617}
	EndProjectSection
EndProject
Global
	GlobalSection(SolutionConfigurationPlatforms) = preSolution
		Debug|x64 = Debug|x64
		Release|x64 = Release|x64
		MinSizeRel|x64 = MinSizeRel|x64
		RelWithDebInfo|x64 = RelWithDebInfo|x64
	EndGlobalSection
	GlobalSection(ProjectConfigurationPlatforms) = postSolution
		{16B7BEC7-19F9-377B-B588-3B2F6A363749}.Debug|x64.ActiveCfg = Debug|x64
		{16B7BEC7-19F9-377B-B588-3B2F6A363749}.Debug|x64.Build.0 = Debug|x64
		{16B7BEC7-19F9-377B-B588-3B2F6A363749}.Release|x64.ActiveCfg = Release|x64
		{16B7BEC7-19F9-377B-B588-3B2F6A363749}.Release|x64.Build.0 = Release|x64
		{16B7BEC7-19F9-377B-B588-3B2F6A363749}.MinSizeRel|x64.ActiveCfg = MinSizeRel|x64
		{16B7BEC7-19F9-377B-B588-3B2F6A363749}.MinSizeRel|x64.Build.0 = MinSizeRel|x64
		{16B7BEC7-19F9-377B-B588-3B2F6A363749}.RelWithDebInfo|x64.ActiveCfg = RelWithDebInfo|x64
		{16B7BEC7-19F9-377B-B588-3B2F6A363749}.RelWithDebInfo|x64.Build.0 = RelWithDebInfo|x64
		{9A2F9D39-1E77-3B94-B01E-E7AAA5A3F8F9}.Debug|x64.ActiveCfg = Debug|x64
		{9A2F9D39-1E77-3B94-B01E-E7AAA5A3F8F9}.Release|x64.ActiveCfg = Release|x64
		{9A2F9D39-1E77-3B94-B01E-E7AAA5A3F8F9}.MinSizeRel|x64.ActiveCfg = MinSizeRel|x64
		{9A2F9D39-1E77-3B94-B01E-E7AAA5A3F8F9}.RelWithDebInfo|x64.ActiveCfg = RelWithDebInfo|x64
		{377AC454-5054-32DB-8F05-671B0CB2F29D}.Debug|x64.ActiveCfg = Debug|x64
		{377AC454-5054-32DB-8F05-671B0CB2F29D}.Debug|x64.Build.0 = Debug|x64
		{377AC454-5054-32DB-8F05-671B0CB2F29D}.Release|x64.ActiveCfg = Release|x64
		{377AC454-5054-32DB-8F05-671B0CB2F29D}.Release|x64.Build.0 = Release|x64
		{377AC454-5054-32DB-8F05-671B0CB2F29D}.MinSizeRel|x64.ActiveCfg = MinSizeRel|x64
		{377AC454-5054-32DB-8F05-671B0CB2F29D}.MinSizeRel|x64.Build.0 = MinSizeRel|x64
		{377AC454-5054-32DB-8F05-671B0CB2F29D}.RelWithDebInfo|x64.ActiveCfg = RelWithDebInfo|x64
		{377AC454-5054-32DB-8F05-671B0CB2F29D}.RelWithDebInfo|x64.Build.0 = RelWithDebInfo|x64
		{DAF84A40-C119-3E4B-8ED9-B86979320826}.Debug|x64.ActiveCfg = Debug|x64
		{DAF84A40-C119-3E4B-8ED9-B86979320826}.Release|x64.ActiveCfg = Release|x64
		{DAF84A40-C119-3E4B-8ED9-B86979320826}.MinSizeRel|x64.ActiveCfg = MinSizeRel|x64
		{DAF84A40-C119-3E4B-8ED9-B86979320826}.RelWithDebInfo|x64.ActiveCfg = RelWithDebInfo|x64
		{2A6D07AD-C7A1-3BAA-ABED-1EAC502CD617}.Debug|x64.ActiveCfg = Debug|x64
		{2A6D07AD-C7A1-3BAA-ABED-1EAC502CD617}.Debug|x64.Build.0 = Debug|x64
		{2A6D07AD-C7A1-3BAA-ABED-1EAC502CD617}.Release|x64.ActiveCfg = Release|x64
		{2A6D07AD-C7A1-3BAA-ABED-1EAC502CD617}.Release|x64.Build.0 = Release|x64
		{2A6D07AD-C7A1-3BAA-ABED-1EAC502CD617}.MinSizeRel|x64.ActiveCfg = MinSizeRel|x64
		{2A6D07AD-C7A1-3BAA-ABED-1EAC502CD617}.MinSizeRel|x64.Build.0 = MinSizeRel|x64
		{2A6D07AD-C7A1-3BAA-ABED-1EAC502CD617}.RelWithDebInfo|x64.ActiveCfg = RelWithDebInfo|x64
		{2A6D07AD-C7A1-3BAA-ABED-1EAC502CD617}.RelWithDebInfo|x64.Build.0 = RelWithDebInfo|x64
		{76F529CF-F957-33F1-AA9C-48C2A8053F84}.Debug|x64.ActiveCfg = Debug|x64
		{76F529CF-F957-33F1-AA9C-48C2A8053F84}.Debug|x64.Build.0 = Debug|x64
		{76F529CF-F957-33F1-AA9C-48C2A8053F84}.Release|x64.ActiveCfg = Release|x64
		{76F529CF-F957-33F1-AA9C-48C2A8053F84}.Release|x64.Build.0 = Release|x64
		{76F529CF-F957-33F1-AA9C-48C2A8053F84}.MinSizeRel|x64.ActiveCfg = MinSizeRel|x64
		{76F529CF-F957-33F1-AA9C-48C2A8053F84}.MinSizeRel|x64.Build.0 = MinSizeRel|x64
		{76F529CF-F957-33F1-AA9C-48C2A8053F84}.RelWithDebInfo|x64.ActiveCfg = RelWithDebInfo|x64
		{76F529CF-F957-33F1-AA9C-48C2A8053F84}.RelWithDebInfo|x64.Build.0 = RelWithDebInfo|x64
		{21CAE9A7-0389-32EE-806C-CC7C0399A2DF}.Debug|x64.ActiveCfg = Debug|x64
		{21CAE9A7-0389-32EE-806C-CC7C0399A2DF}.Debug|x64.Build.0 = Debug|x64
		{21CAE9A7-0389-32EE-806C-CC7C0399A2DF}.Release|x64.ActiveCfg = Release|x64
		{21CAE9A7-0389-32EE-806C-CC7C0399A2DF}.Release|x64.Build.0 = Release|x64
		{21CAE9A7-0389-32EE-806C-CC7C0399A2DF}.MinSizeRel|x64.ActiveCfg = MinSizeRel|x64
		{21CAE9A7-0389-32EE-806C-CC7C0399A2DF}.MinSizeRel|x64.Build.0 = MinSizeRel|x64
		{21CAE9A7-0389-32EE-806C-CC7C0399A2DF}.RelWithDebInfo|x64.ActiveCfg = RelWithDebInfo|x64
		{21CAE9A7-0389-32EE-806C-CC7C0399A2DF}.RelWithDebInfo|x64.Build.0 = RelWithDebInfo|x64
		{BEACF093-896B-38B2-A426-ADC048F1AF60}.Debug|x64.ActiveCfg = Debug|x64
		{BEACF093-896B-38B2-A426-ADC048F1AF60}.Release|x64.ActiveCfg = Release|x64
		{BEACF093-896B-38B2-A426-ADC048F1AF60}.MinSizeRel|x64.ActiveCfg = MinSizeRel|x64
		{BEACF093-896B-38B2-A426-ADC048F1AF60}.RelWithDebInfo|x64.ActiveCfg = RelWithDebInfo|x64
		{38C3C76C-ACB8-3F99-B30F-9B9FF5ABA26F}.Debug|x64.ActiveCfg = Debug|x64
		{38C3C76C-ACB8-3F99-B30F-9B9FF5ABA26F}.Debug|x64.Build.0 = Debug|x64
		{38C3C76C-ACB8-3F99-B30F-9B9FF5ABA26F}.Release|x64.ActiveCfg = Release|x64
		{38C3C76C-ACB8-3F99-B30F-9B9FF5ABA26F}.Release|x64.Build.0 = Release|x64
		{38C3C76C-ACB8-3F99-B30F-9B9FF5ABA26F}.MinSizeRel|x64.ActiveCfg = MinSizeRel|x64
		{38C3C76C-ACB8-3F99-B30F-9B9FF5ABA26F}.MinSizeRel|x64.Build.0 = MinSizeRel|x64
		{38C3C76C-ACB8-3F99-B30F-9B9FF5ABA26F}.RelWithDebInfo|x64.ActiveCfg = RelWithDebInfo|x64
		{38C3C76C-ACB8-3F99-B30F-9B9FF5ABA26F}.RelWithDebInfo|x64.Build.0 = RelWithDebInfo|x64
		{946BB761-8367-38B1-9FD6-A0D3CAC24EDE}.Debug|x64.ActiveCfg = Debug|x64
		{946BB761-8367-38B1-9FD6-A0D3CAC24EDE}.Debug|x64.Build.0 = Debug|x64
		{946BB761-8367-38B1-9FD6-A0D3CAC24EDE}.Release|x64.ActiveCfg = Release|x64
		{946BB761-8367-38B1-9FD6-A0D3CAC24EDE}.Release|x64.Build.0 = Release|x64
		{946BB761-8367-38B1-9FD6-A0D3CAC24EDE}.MinSizeRel|x64.ActiveCfg = MinSizeRel|x64
		{946BB761-8367-38B1-9FD6-A0D3CAC24EDE}.MinSizeRel|x64.Build.0 = MinSizeRel|x64
		{946BB761-8367-38B1-9FD6-A0D3CAC24EDE}.RelWithDebInfo|x64.ActiveCfg = RelWithDebInfo|x64
		{946BB761-8367-38B1-9FD6-A0D3CAC24EDE}.RelWithDebInfo|x64.Build.0 = RelWithDebInfo|x64
	EndGlobalSection
	GlobalSection(NestedProjects) = preSolution
		{16B7BEC7-19F9-377B-B588-3B2F6A363749} = {5890BB07-A65A-307C-8E57-F8AAF4040A60}
		{9A2F9D39-1E77-3B94-B01E-E7AAA5A3F8F9} = {5890BB07-A65A-307C-8E57-F8AAF4040A60}
		{2A6D07AD-C7A1-3BAA-ABED-1EAC502CD617} = {5890BB07-A65A-307C-8E57-F8AAF4040A60}
	EndGlobalSection
	GlobalSection(ExtensibilityGlobals) = postSolution
		SolutionGuid = {DF460227-F8AB-37B6-B582-BAEE3893280A}
	EndGlobalSection
	GlobalSection(ExtensibilityAddIns) = postSolution
	EndGlobalSection
EndGlobal
