<?xml version="1.0" encoding="utf-8"?>
<Project ToolsVersion="16.0" xmlns="http://schemas.microsoft.com/developer/msbuild/2003">
  <ItemGroup>
    <ClCompile Include="C:\Users\eugch\OneDrive\Documents\programmation\C++\vulkan\Graphics-Experimental-Engine\libs\glm\test\ext\ext_vector_ulp.cpp">
      <Filter>Source Files</Filter>
    </ClCompile>
  </ItemGroup>
  <ItemGroup>
    <CustomBuild Include="C:\Users\eugch\OneDrive\Documents\programmation\C++\vulkan\Graphics-Experimental-Engine\libs\glm\test\ext\CMakeLists.txt" />
  </ItemGroup>
  <ItemGroup>
    <Filter Include="Source Files">
      <UniqueIdentifier>{1BC1CC2B-8638-3F8E-BCAA-0F247EFAC445}</UniqueIdentifier>
    </Filter>
  </ItemGroup>
</Project>
