<?xml version="1.0" encoding="utf-8"?>
<Project ToolsVersion="16.0" xmlns="http://schemas.microsoft.com/developer/msbuild/2003">
  <ItemGroup>
    <ClCompile Include="C:\Users\eugch\OneDrive\Documents\programmation\C++\vulkan\Graphics-Experimental-Engine\libs\GLFW\src\context.c">
      <Filter>Source Files</Filter>
    </ClCompile>
    <ClCompile Include="C:\Users\eugch\OneDrive\Documents\programmation\C++\vulkan\Graphics-Experimental-Engine\libs\GLFW\src\init.c">
      <Filter>Source Files</Filter>
    </ClCompile>
    <ClCompile Include="C:\Users\eugch\OneDrive\Documents\programmation\C++\vulkan\Graphics-Experimental-Engine\libs\GLFW\src\input.c">
      <Filter>Source Files</Filter>
    </ClCompile>
    <ClCompile Include="C:\Users\eugch\OneDrive\Documents\programmation\C++\vulkan\Graphics-Experimental-Engine\libs\GLFW\src\monitor.c">
      <Filter>Source Files</Filter>
    </ClCompile>
    <ClCompile Include="C:\Users\eugch\OneDrive\Documents\programmation\C++\vulkan\Graphics-Experimental-Engine\libs\GLFW\src\vulkan.c">
      <Filter>Source Files</Filter>
    </ClCompile>
    <ClCompile Include="C:\Users\eugch\OneDrive\Documents\programmation\C++\vulkan\Graphics-Experimental-Engine\libs\GLFW\src\window.c">
      <Filter>Source Files</Filter>
    </ClCompile>
    <ClCompile Include="C:\Users\eugch\OneDrive\Documents\programmation\C++\vulkan\Graphics-Experimental-Engine\libs\GLFW\src\win32_init.c">
      <Filter>Source Files</Filter>
    </ClCompile>
    <ClCompile Include="C:\Users\eugch\OneDrive\Documents\programmation\C++\vulkan\Graphics-Experimental-Engine\libs\GLFW\src\win32_joystick.c">
      <Filter>Source Files</Filter>
    </ClCompile>
    <ClCompile Include="C:\Users\eugch\OneDrive\Documents\programmation\C++\vulkan\Graphics-Experimental-Engine\libs\GLFW\src\win32_monitor.c">
      <Filter>Source Files</Filter>
    </ClCompile>
    <ClCompile Include="C:\Users\eugch\OneDrive\Documents\programmation\C++\vulkan\Graphics-Experimental-Engine\libs\GLFW\src\win32_time.c">
      <Filter>Source Files</Filter>
    </ClCompile>
    <ClCompile Include="C:\Users\eugch\OneDrive\Documents\programmation\C++\vulkan\Graphics-Experimental-Engine\libs\GLFW\src\win32_thread.c">
      <Filter>Source Files</Filter>
    </ClCompile>
    <ClCompile Include="C:\Users\eugch\OneDrive\Documents\programmation\C++\vulkan\Graphics-Experimental-Engine\libs\GLFW\src\win32_window.c">
      <Filter>Source Files</Filter>
    </ClCompile>
    <ClCompile Include="C:\Users\eugch\OneDrive\Documents\programmation\C++\vulkan\Graphics-Experimental-Engine\libs\GLFW\src\wgl_context.c">
      <Filter>Source Files</Filter>
    </ClCompile>
    <ClCompile Include="C:\Users\eugch\OneDrive\Documents\programmation\C++\vulkan\Graphics-Experimental-Engine\libs\GLFW\src\egl_context.c">
      <Filter>Source Files</Filter>
    </ClCompile>
    <ClCompile Include="C:\Users\eugch\OneDrive\Documents\programmation\C++\vulkan\Graphics-Experimental-Engine\libs\GLFW\src\osmesa_context.c">
      <Filter>Source Files</Filter>
    </ClCompile>
  </ItemGroup>
  <ItemGroup>
    <ClInclude Include="C:\Users\eugch\OneDrive\Documents\programmation\C++\vulkan\Graphics-Experimental-Engine\libs\GLFW\include\GLFW\glfw3.h">
      <Filter>Header Files</Filter>
    </ClInclude>
    <ClInclude Include="C:\Users\eugch\OneDrive\Documents\programmation\C++\vulkan\Graphics-Experimental-Engine\libs\GLFW\include\GLFW\glfw3native.h">
      <Filter>Header Files</Filter>
    </ClInclude>
    <ClInclude Include="C:\Users\eugch\OneDrive\Documents\programmation\C++\vulkan\Graphics-Experimental-Engine\libs\GLFW\src\internal.h">
      <Filter>Header Files</Filter>
    </ClInclude>
    <ClInclude Include="C:\Users\eugch\OneDrive\Documents\programmation\C++\vulkan\Graphics-Experimental-Engine\libs\GLFW\src\mappings.h">
      <Filter>Header Files</Filter>
    </ClInclude>
    <ClInclude Include="C:\Users\eugch\OneDrive\Documents\programmation\C++\vulkan\Graphics-Experimental-Engine\libs\GLFW\src\win32_platform.h">
      <Filter>Header Files</Filter>
    </ClInclude>
    <ClInclude Include="C:\Users\eugch\OneDrive\Documents\programmation\C++\vulkan\Graphics-Experimental-Engine\libs\GLFW\src\win32_joystick.h">
      <Filter>Header Files</Filter>
    </ClInclude>
    <ClInclude Include="C:\Users\eugch\OneDrive\Documents\programmation\C++\vulkan\Graphics-Experimental-Engine\libs\GLFW\src\wgl_context.h">
      <Filter>Header Files</Filter>
    </ClInclude>
    <ClInclude Include="C:\Users\eugch\OneDrive\Documents\programmation\C++\vulkan\Graphics-Experimental-Engine\libs\GLFW\src\egl_context.h">
      <Filter>Header Files</Filter>
    </ClInclude>
    <ClInclude Include="C:\Users\eugch\OneDrive\Documents\programmation\C++\vulkan\Graphics-Experimental-Engine\libs\GLFW\src\osmesa_context.h">
      <Filter>Header Files</Filter>
    </ClInclude>
    <ClInclude Include="C:\Users\eugch\OneDrive\Documents\programmation\C++\vulkan\Graphics-Experimental-Engine\libs\GLFW\src\glfw_config.h">
      <Filter>Header Files</Filter>
    </ClInclude>
  </ItemGroup>
  <ItemGroup>
    <CustomBuild Include="C:\Users\eugch\OneDrive\Documents\programmation\C++\vulkan\Graphics-Experimental-Engine\libs\GLFW\src\CMakeLists.txt" />
  </ItemGroup>
  <ItemGroup>
    <ResourceCompile Include="C:\Users\eugch\OneDrive\Documents\programmation\C++\vulkan\Graphics-Experimental-Engine\libs\GLFW\src\glfw.rc">
      <Filter>Source Files</Filter>
    </ResourceCompile>
  </ItemGroup>
  <ItemGroup>
    <Filter Include="Header Files">
      <UniqueIdentifier>{7CEA4ED0-C325-3DD7-B456-603A2CF02032}</UniqueIdentifier>
    </Filter>
    <Filter Include="Source Files">
      <UniqueIdentifier>{1BC1CC2B-8638-3F8E-BCAA-0F247EFAC445}</UniqueIdentifier>
    </Filter>
  </ItemGroup>
</Project>
