<?xml version="1.0" encoding="utf-8"?>
<Project ToolsVersion="16.0" xmlns="http://schemas.microsoft.com/developer/msbuild/2003">
  <ItemGroup>
    <CustomBuild Include="C:\Users\eugch\OneDrive\Documents\programmation\C++\vulkan\Graphics-Experimental-Engine\CMakeFiles\8fcdc7d7451081d1eb0021adbc95d836\INSTALL_force.rule">
      <Filter>CMake Rules</Filter>
    </CustomBuild>
  </ItemGroup>
  <ItemGroup>
    <Filter Include="CMake Rules">
      <UniqueIdentifier>{B5851FDC-5AFE-3055-B326-212CB90E1768}</UniqueIdentifier>
    </Filter>
  </ItemGroup>
</Project>
